
Microsoft Visual Studio Solution File, Format Version 12.00
# Visual Studio 15
VisualStudioVersion = 15.0.28010.2041
MinimumVisualStudioVersion = 10.0.40219.1
Project("{9A19103F-16F7-4668-BE54-9A1E7A4F7556}") = "DatingApp.API", "DatingApp.API.csproj", "{32BCDFAA-D36D-4C7C-BF83-6257D809849F}"
EndProject
Global
	GlobalSection(SolutionConfigurationPlatforms) = preSolution
		Debug|Any CPU = Debug|Any CPU
		Release|Any CPU = Release|Any CPU
	EndGlobalSection
	GlobalSection(ProjectConfigurationPlatforms) = postSolution
		{32BCDFAA-D36D-4C7C-BF83-6257D809849F}.Debug|Any CPU.ActiveCfg = Debug|Any CPU
		{32BCDFAA-D36D-4C7C-BF83-6257D809849F}.Debug|Any CPU.Build.0 = Debug|Any CPU
		{32BCDFAA-D36D-4C7C-BF83-6257D809849F}.Release|Any CPU.ActiveCfg = Release|Any CPU
		{32BCDFAA-D36D-4C7C-BF83-6257D809849F}.Release|Any CPU.Build.0 = Release|Any CPU
	EndGlobalSection
	GlobalSection(SolutionProperties) = preSolution
		HideSolutionNode = FALSE
	EndGlobalSection
	GlobalSection(ExtensibilityGlobals) = postSolution
		SolutionGuid = {49E76C9B-B81B-467B-8018-E96CB5139D22}
	EndGlobalSection
EndGlobal
